# This file was autogenerated by Stack.
# You should not edit this file by hand.
# For more information, please see the documentation at:
#   https://docs.haskellstack.org/en/stable/lock_files

packages:
- completed:
    name: doctest-discover-hpack
    version: 1.0.0
    git: https://github.com/blmage/doctest-discover-hpack.git
    pantry-tree:
      size: 698
      sha256: 3e8330735a4036e0e286fe089f43e3ca553ef5b34a186be35f0dcc8aabc80589
    commit: 0ba3f855f1876d8d1f8cd892e7689b95869b5e59
  original:
    git: https://github.com/blmage/doctest-discover-hpack.git
    commit: 0ba3f855f1876d8d1f8cd892e7689b95869b5e59
- completed:
    hackage: parsers-megaparsec-0.1.0.1@sha256:2ebe722e6468bdfa1c236e2106815b0132e152eada60607f1f5f607a5f759037,1670
    pantry-tree:
      size: 238
      sha256: d270cd4ba134c9c14cb58ef2db7f68dafdd76295addfe3d93fd63c22e54fff03
  original:
    hackage: parsers-megaparsec-0.1.0.1@sha256:2ebe722e6468bdfa1c236e2106815b0132e152eada60607f1f5f607a5f759037,1670
snapshots:
- completed:
    size: 532835
    url: https://raw.githubusercontent.com/commercialhaskell/stackage-snapshots/master/lts/16/24.yaml
    sha256: cf2b52420b2262fe9cf0f6744929120131abd6675b1c3fb2d8b155a47f80d103
  original: lts-16.24
